// !$*UTF8*$!
{
	archiveVersion = 1;
	classes = {
	};
	objectVersion = 56;
	objects = {

/* Begin PBXBuildFile section */
		9795B89C2C7D6692005447E2 /* AppDelegate.swift in Sources */ = {isa = PBXBuildFile; fileRef = 9795B89B2C7D6692005447E2 /* AppDelegate.swift */; };
		9795B89E2C7D6692005447E2 /* SceneDelegate.swift in Sources */ = {isa = PBXBuildFile; fileRef = 9795B89D2C7D6692005447E2 /* SceneDelegate.swift */; };
		9795B8A02C7D6692005447E2 /* ViewController.swift in Sources */ = {isa = PBXBuildFile; fileRef = 9795B89F2C7D6692005447E2 /* ViewController.swift */; };
		9795B8A32C7D6692005447E2 /* Base in Resources */ = {isa = PBXBuildFile; fileRef = 9795B8A22C7D6692005447E2 /* Base */; };
		9795B8A52C7D6696005447E2 /* Assets.xcassets in Resources */ = {isa = PBXBuildFile; fileRef = 9795B8A42C7D6696005447E2 /* Assets.xcassets */; };
		9795B8A82C7D6696005447E2 /* Base in Resources */ = {isa = PBXBuildFile; fileRef = 9795B8A72C7D6696005447E2 /* Base */; };
		9795B8B02C7D68A8005447E2 /* ApiViewController.swift in Sources */ = {isa = PBXBuildFile; fileRef = 9795B8AF2C7D68A8005447E2 /* ApiViewController.swift */; };
		9795B8B22C7D69C5005447E2 /* FavoriteViewController.swift in Sources */ = {isa = PBXBuildFile; fileRef = 9795B8B12C7D69C5005447E2 /* FavoriteViewController.swift */; };
		9795B8B42C7D6C3C005447E2 /* ApiKey.plist in Resources */ = {isa = PBXBuildFile; fileRef = 9795B8B32C7D6C3C005447E2 /* ApiKey.plist */; };
		9795B8B82C7D6E0D005447E2 /* ShopCell.swift in Sources */ = {isa = PBXBuildFile; fileRef = 9795B8B72C7D6E0D005447E2 /* ShopCell.swift */; };
		9795B8BA2C7D7B31005447E2 /* ApiResponse.swift in Sources */ = {isa = PBXBuildFile; fileRef = 9795B8B92C7D7B31005447E2 /* ApiResponse.swift */; };
		9795B8BE2C7D7F0E005447E2 /* FavoriteShop.swift in Sources */ = {isa = PBXBuildFile; fileRef = 9795B8BD2C7D7F0E005447E2 /* FavoriteShop.swift */; };
		F2E68DD2C5972C78683CE739 /* Pods_ApiApp.framework in Frameworks */ = {isa = PBXBuildFile; fileRef = EBA7AE7F82FCB33DF52BC7E5 /* Pods_ApiApp.framework */; };
/* End PBXBuildFile section */

/* Begin PBXFileReference section */
		4C1EF28E8457184FEC61BA21 /* Pods-ApiApp.debug.xcconfig */ = {isa = PBXFileReference; includeInIndex = 1; lastKnownFileType = text.xcconfig; name = "Pods-ApiApp.debug.xcconfig"; path = "Target Support Files/Pods-ApiApp/Pods-ApiApp.debug.xcconfig"; sourceTree = "<group>"; };
		9795B8982C7D6692005447E2 /* ApiApp.app */ = {isa = PBXFileReference; explicitFileType = wrapper.application; includeInIndex = 0; path = ApiApp.app; sourceTree = BUILT_PRODUCTS_DIR; };
		9795B89B2C7D6692005447E2 /* AppDelegate.swift */ = {isa = PBXFileReference; lastKnownFileType = sourcecode.swift; path = AppDelegate.swift; sourceTree = "<group>"; };
		9795B89D2C7D6692005447E2 /* SceneDelegate.swift */ = {isa = PBXFileReference; lastKnownFileType = sourcecode.swift; path = SceneDelegate.swift; sourceTree = "<group>"; };
		9795B89F2C7D6692005447E2 /* ViewController.swift */ = {isa = PBXFileReference; lastKnownFileType = sourcecode.swift; path = ViewController.swift; sourceTree = "<group>"; };
		9795B8A22C7D6692005447E2 /* Base */ = {isa = PBXFileReference; lastKnownFileType = file.storyboard; name = Base; path = Base.lproj/Main.storyboard; sourceTree = "<group>"; };
		9795B8A42C7D6696005447E2 /* Assets.xcassets */ = {isa = PBXFileReference; lastKnownFileType = folder.assetcatalog; path = Assets.xcassets; sourceTree = "<group>"; };
		9795B8A72C7D6696005447E2 /* Base */ = {isa = PBXFileReference; lastKnownFileType = file.storyboard; name = Base; path = Base.lproj/LaunchScreen.storyboard; sourceTree = "<group>"; };
		9795B8A92C7D6696005447E2 /* Info.plist */ = {isa = PBXFileReference; lastKnownFileType = text.plist.xml; path = Info.plist; sourceTree = "<group>"; };
		9795B8AF2C7D68A8005447E2 /* ApiViewController.swift */ = {isa = PBXFileReference; lastKnownFileType = sourcecode.swift; path = ApiViewController.swift; sourceTree = "<group>"; };
		9795B8B12C7D69C5005447E2 /* FavoriteViewController.swift */ = {isa = PBXFileReference; lastKnownFileType = sourcecode.swift; path = FavoriteViewController.swift; sourceTree = "<group>"; };
		9795B8B32C7D6C3C005447E2 /* ApiKey.plist */ = {isa = PBXFileReference; lastKnownFileType = text.plist.xml; path = ApiKey.plist; sourceTree = "<group>"; };
		9795B8B72C7D6E0D005447E2 /* ShopCell.swift */ = {isa = PBXFileReference; lastKnownFileType = sourcecode.swift; path = ShopCell.swift; sourceTree = "<group>"; };
		9795B8B92C7D7B31005447E2 /* ApiResponse.swift */ = {isa = PBXFileReference; lastKnownFileType = sourcecode.swift; path = ApiResponse.swift; sourceTree = "<group>"; };
		9795B8BD2C7D7F0E005447E2 /* FavoriteShop.swift */ = {isa = PBXFileReference; lastKnownFileType = sourcecode.swift; path = FavoriteShop.swift; sourceTree = "<group>"; };
		D6650CFF79D9979441C766FB /* Pods-ApiApp.release.xcconfig */ = {isa = PBXFileReference; includeInIndex = 1; lastKnownFileType = text.xcconfig; name = "Pods-ApiApp.release.xcconfig"; path = "Target Support Files/Pods-ApiApp/Pods-ApiApp.release.xcconfig"; sourceTree = "<group>"; };
		EBA7AE7F82FCB33DF52BC7E5 /* Pods_ApiApp.framework */ = {isa = PBXFileReference; explicitFileType = wrapper.framework; includeInIndex = 0; path = Pods_ApiApp.framework; sourceTree = BUILT_PRODUCTS_DIR; };
/* End PBXFileReference section */

/* Begin PBXFrameworksBuildPhase section */
		9795B8952C7D6692005447E2 /* Frameworks */ = {
			isa = PBXFrameworksBuildPhase;
			buildActionMask = 2147483647;
			files = (
				F2E68DD2C5972C78683CE739 /* Pods_ApiApp.framework in Frameworks */,
			);
			runOnlyForDeploymentPostprocessing = 0;
		};
/* End PBXFrameworksBuildPhase section */

/* Begin PBXGroup section */
		12598C22D49E14D9A9C4182C /* Pods */ = {
			isa = PBXGroup;
			children = (
				4C1EF28E8457184FEC61BA21 /* Pods-ApiApp.debug.xcconfig */,
				D6650CFF79D9979441C766FB /* Pods-ApiApp.release.xcconfig */,
			);
			path = Pods;
			sourceTree = "<group>";
		};
		6114E1526927633285014328 /* Frameworks */ = {
			isa = PBXGroup;
			children = (
				EBA7AE7F82FCB33DF52BC7E5 /* Pods_ApiApp.framework */,
			);
			name = Frameworks;
			sourceTree = "<group>";
		};
		9795B88F2C7D6692005447E2 = {
			isa = PBXGroup;
			children = (
				9795B89A2C7D6692005447E2 /* ApiApp */,
				9795B8992C7D6692005447E2 /* Products */,
				12598C22D49E14D9A9C4182C /* Pods */,
				6114E1526927633285014328 /* Frameworks */,
			);
			sourceTree = "<group>";
		};
		9795B8992C7D6692005447E2 /* Products */ = {
			isa = PBXGroup;
			children = (
				9795B8982C7D6692005447E2 /* ApiApp.app */,
			);
			name = Products;
			sourceTree = "<group>";
		};
		9795B89A2C7D6692005447E2 /* ApiApp */ = {
			isa = PBXGroup;
			children = (
				9795B89B2C7D6692005447E2 /* AppDelegate.swift */,
				9795B89D2C7D6692005447E2 /* SceneDelegate.swift */,
				9795B89F2C7D6692005447E2 /* ViewController.swift */,
				9795B8B92C7D7B31005447E2 /* ApiResponse.swift */,
				9795B8B72C7D6E0D005447E2 /* ShopCell.swift */,
				9795B8BD2C7D7F0E005447E2 /* FavoriteShop.swift */,
				9795B8B32C7D6C3C005447E2 /* ApiKey.plist */,
				9795B8AF2C7D68A8005447E2 /* ApiViewController.swift */,
				9795B8B12C7D69C5005447E2 /* FavoriteViewController.swift */,
				9795B8A12C7D6692005447E2 /* Main.storyboard */,
				9795B8A42C7D6696005447E2 /* Assets.xcassets */,
				9795B8A62C7D6696005447E2 /* LaunchScreen.storyboard */,
				9795B8A92C7D6696005447E2 /* Info.plist */,
			);
			path = ApiApp;
			sourceTree = "<group>";
		};
/* End PBXGroup section */

/* Begin PBXNativeTarget section */
		9795B8972C7D6692005447E2 /* ApiApp */ = {
			isa = PBXNativeTarget;
			buildConfigurationList = 9795B8AC2C7D6696005447E2 /* Build configuration list for PBXNativeTarget "ApiApp" */;
			buildPhases = (
				AD71CF6F4449E93A59E32170 /* [CP] Check Pods Manifest.lock */,
				9795B8942C7D6692005447E2 /* Sources */,
				9795B8952C7D6692005447E2 /* Frameworks */,
				9795B8962C7D6692005447E2 /* Resources */,
				B650A0557AF2AF210ACC1751 /* [CP] Embed Pods Frameworks */,
			);
			buildRules = (
			);
			dependencies = (
			);
			name = ApiApp;
			productName = ApiApp;
			productReference = 9795B8982C7D6692005447E2 /* ApiApp.app */;
			productType = "com.apple.product-type.application";
		};
/* End PBXNativeTarget section */

/* Begin PBXProject section */
		9795B8902C7D6692005447E2 /* Project object */ = {
			isa = PBXProject;
			attributes = {
				BuildIndependentTargetsInParallel = 1;
				LastSwiftUpdateCheck = 1540;
				LastUpgradeCheck = 1540;
				TargetAttributes = {
					9795B8972C7D6692005447E2 = {
						CreatedOnToolsVersion = 15.4;
					};
				};
			};
			buildConfigurationList = 9795B8932C7D6692005447E2 /* Build configuration list for PBXProject "ApiApp" */;
			compatibilityVersion = "Xcode 14.0";
			developmentRegion = en;
			hasScannedForEncodings = 0;
			knownRegions = (
				en,
				Base,
			);
			mainGroup = 9795B88F2C7D6692005447E2;
			productRefGroup = 9795B8992C7D6692005447E2 /* Products */;
			projectDirPath = "";
			projectRoot = "";
			targets = (
				9795B8972C7D6692005447E2 /* ApiApp */,
			);
		};
/* End PBXProject section */

/* Begin PBXResourcesBuildPhase section */
		9795B8962C7D6692005447E2 /* Resources */ = {
			isa = PBXResourcesBuildPhase;
			buildActionMask = 2147483647;
			files = (
				9795B8A52C7D6696005447E2 /* Assets.xcassets in Resources */,
				9795B8B42C7D6C3C005447E2 /* ApiKey.plist in Resources */,
				9795B8A82C7D6696005447E2 /* Base in Resources */,
				9795B8A32C7D6692005447E2 /* Base in Resources */,
			);
			runOnlyForDeploymentPostprocessing = 0;
		};
/* End PBXResourcesBuildPhase section */

/* Begin PBXShellScriptBuildPhase section */
		AD71CF6F4449E93A59E32170 /* [CP] Check Pods Manifest.lock */ = {
			isa = PBXShellScriptBuildPhase;
			buildActionMask = 2147483647;
			files = (
			);
			inputFileListPaths = (
			);
			inputPaths = (
				"${PODS_PODFILE_DIR_PATH}/Podfile.lock",
				"${PODS_ROOT}/Manifest.lock",
			);
			name = "[CP] Check Pods Manifest.lock";
			outputFileListPaths = (
			);
			outputPaths = (
				"$(DERIVED_FILE_DIR)/Pods-ApiApp-checkManifestLockResult.txt",
			);
			runOnlyForDeploymentPostprocessing = 0;
			shellPath = /bin/sh;
			shellScript = "diff \"${PODS_PODFILE_DIR_PATH}/Podfile.lock\" \"${PODS_ROOT}/Manifest.lock\" > /dev/null\nif [ $? != 0 ] ; then\n    # print error to STDERR\n    echo \"error: The sandbox is not in sync with the Podfile.lock. Run 'pod install' or update your CocoaPods installation.\" >&2\n    exit 1\nfi\n# This output is used by Xcode 'outputs' to avoid re-running this script phase.\necho \"SUCCESS\" > \"${SCRIPT_OUTPUT_FILE_0}\"\n";
			showEnvVarsInLog = 0;
		};
		B650A0557AF2AF210ACC1751 /* [CP] Embed Pods Frameworks */ = {
			isa = PBXShellScriptBuildPhase;
			buildActionMask = 2147483647;
			files = (
			);
			inputFileListPaths = (
				"${PODS_ROOT}/Target Support Files/Pods-ApiApp/Pods-ApiApp-frameworks-${CONFIGURATION}-input-files.xcfilelist",
			);
			name = "[CP] Embed Pods Frameworks";
			outputFileListPaths = (
				"${PODS_ROOT}/Target Support Files/Pods-ApiApp/Pods-ApiApp-frameworks-${CONFIGURATION}-output-files.xcfilelist",
			);
			runOnlyForDeploymentPostprocessing = 0;
			shellPath = /bin/sh;
			shellScript = "\"${PODS_ROOT}/Target Support Files/Pods-ApiApp/Pods-ApiApp-frameworks.sh\"\n";
			showEnvVarsInLog = 0;
		};
/* End PBXShellScriptBuildPhase section */

/* Begin PBXSourcesBuildPhase section */
		9795B8942C7D6692005447E2 /* Sources */ = {
			isa = PBXSourcesBuildPhase;
			buildActionMask = 2147483647;
			files = (
				9795B8A02C7D6692005447E2 /* ViewController.swift in Sources */,
				9795B8B82C7D6E0D005447E2 /* ShopCell.swift in Sources */,
				9795B89C2C7D6692005447E2 /* AppDelegate.swift in Sources */,
				9795B8BA2C7D7B31005447E2 /* ApiResponse.swift in Sources */,
				9795B89E2C7D6692005447E2 /* SceneDelegate.swift in Sources */,
				9795B8B02C7D68A8005447E2 /* ApiViewController.swift in Sources */,
				9795B8B22C7D69C5005447E2 /* FavoriteViewController.swift in Sources */,
				9795B8BE2C7D7F0E005447E2 /* FavoriteShop.swift in Sources */,
			);
			runOnlyForDeploymentPostprocessing = 0;
		};
/* End PBXSourcesBuildPhase section */

/* Begin PBXVariantGroup section */
		9795B8A12C7D6692005447E2 /* Main.storyboard */ = {
			isa = PBXVariantGroup;
			children = (
				9795B8A22C7D6692005447E2 /* Base */,
			);
			name = Main.storyboard;
			sourceTree = "<group>";
		};
		9795B8A62C7D6696005447E2 /* LaunchScreen.storyboard */ = {
			isa = PBXVariantGroup;
			children = (
				9795B8A72C7D6696005447E2 /* Base */,
			);
			name = LaunchScreen.storyboard;
			sourceTree = "<group>";
		};
/* End PBXVariantGroup section */

/* Begin XCBuildConfiguration section */
		9795B8AA2C7D6696005447E2 /* Debug */ = {
			isa = XCBuildConfiguration;
			buildSettings = {
				ALWAYS_SEARCH_USER_PATHS = NO;
				ASSETCATALOG_COMPILER_GENERATE_SWIFT_ASSET_SYMBOL_EXTENSIONS = YES;
				CLANG_ANALYZER_NONNULL = YES;
				CLANG_ANALYZER_NUMBER_OBJECT_CONVERSION = YES_AGGRESSIVE;
				CLANG_CXX_LANGUAGE_STANDARD = "gnu++20";
				CLANG_ENABLE_MODULES = YES;
				CLANG_ENABLE_OBJC_ARC = YES;
				CLANG_ENABLE_OBJC_WEAK = YES;
				CLANG_WARN_BLOCK_CAPTURE_AUTORELEASING = YES;
				CLANG_WARN_BOOL_CONVERSION = YES;
				CLANG_WARN_COMMA = YES;
				CLANG_WARN_CONSTANT_CONVERSION = YES;
				CLANG_WARN_DEPRECATED_OBJC_IMPLEMENTATIONS = YES;
				CLANG_WARN_DIRECT_OBJC_ISA_USAGE = YES_ERROR;
				CLANG_WARN_DOCUMENTATION_COMMENTS = YES;
				CLANG_WARN_EMPTY_BODY = YES;
				CLANG_WARN_ENUM_CONVERSION = YES;
				CLANG_WARN_INFINITE_RECURSION = YES;
				CLANG_WARN_INT_CONVERSION = YES;
				CLANG_WARN_NON_LITERAL_NULL_CONVERSION = YES;
				CLANG_WARN_OBJC_IMPLICIT_RETAIN_SELF = YES;
				CLANG_WARN_OBJC_LITERAL_CONVERSION = YES;
				CLANG_WARN_OBJC_ROOT_CLASS = YES_ERROR;
				CLANG_WARN_QUOTED_INCLUDE_IN_FRAMEWORK_HEADER = YES;
				CLANG_WARN_RANGE_LOOP_ANALYSIS = YES;
				CLANG_WARN_STRICT_PROTOTYPES = YES;
				CLANG_WARN_SUSPICIOUS_MOVE = YES;
				CLANG_WARN_UNGUARDED_AVAILABILITY = YES_AGGRESSIVE;
				CLANG_WARN_UNREACHABLE_CODE = YES;
				CLANG_WARN__DUPLICATE_METHOD_MATCH = YES;
				COPY_PHASE_STRIP = NO;
				DEBUG_INFORMATION_FORMAT = dwarf;
				ENABLE_STRICT_OBJC_MSGSEND = YES;
				ENABLE_TESTABILITY = YES;
				ENABLE_USER_SCRIPT_SANDBOXING = NO;
				GCC_C_LANGUAGE_STANDARD = gnu17;
				GCC_DYNAMIC_NO_PIC = NO;
				GCC_NO_COMMON_BLOCKS = YES;
				GCC_OPTIMIZATION_LEVEL = 0;
				GCC_PREPROCESSOR_DEFINITIONS = (
					"DEBUG=1",
					"$(inherited)",
				);
				GCC_WARN_64_TO_32_BIT_CONVERSION = YES;
				GCC_WARN_ABOUT_RETURN_TYPE = YES_ERROR;
				GCC_WARN_UNDECLARED_SELECTOR = YES;
				GCC_WARN_UNINITIALIZED_AUTOS = YES_AGGRESSIVE;
				GCC_WARN_UNUSED_FUNCTION = YES;
				GCC_WARN_UNUSED_VARIABLE = YES;
				IPHONEOS_DEPLOYMENT_TARGET = 17.5;
				LOCALIZATION_PREFERS_STRING_CATALOGS = YES;
				MTL_ENABLE_DEBUG_INFO = INCLUDE_SOURCE;
				MTL_FAST_MATH = YES;
				ONLY_ACTIVE_ARCH = YES;
				SDKROOT = iphoneos;
				SWIFT_ACTIVE_COMPILATION_CONDITIONS = "DEBUG $(inherited)";
				SWIFT_OPTIMIZATION_LEVEL = "-Onone";
			};
			name = Debug;
		};
		9795B8AB2C7D6696005447E2 /* Release */ = {
			isa = XCBuildConfiguration;
			buildSettings = {
				ALWAYS_SEARCH_USER_PATHS = NO;
				ASSETCATALOG_COMPILER_GENERATE_SWIFT_ASSET_SYMBOL_EXTENSIONS = YES;
				CLANG_ANALYZER_NONNULL = YES;
				CLANG_ANALYZER_NUMBER_OBJECT_CONVERSION = YES_AGGRESSIVE;
				CLANG_CXX_LANGUAGE_STANDARD = "gnu++20";
				CLANG_ENABLE_MODULES = YES;
				CLANG_ENABLE_OBJC_ARC = YES;
				CLANG_ENABLE_OBJC_WEAK = YES;
				CLANG_WARN_BLOCK_CAPTURE_AUTORELEASING = YES;
				CLANG_WARN_BOOL_CONVERSION = YES;
				CLANG_WARN_COMMA = YES;
				CLANG_WARN_CONSTANT_CONVERSION = YES;
				CLANG_WARN_DEPRECATED_OBJC_IMPLEMENTATIONS = YES;
				CLANG_WARN_DIRECT_OBJC_ISA_USAGE = YES_ERROR;
				CLANG_WARN_DOCUMENTATION_COMMENTS = YES;
				CLANG_WARN_EMPTY_BODY = YES;
				CLANG_WARN_ENUM_CONVERSION = YES;
				CLANG_WARN_INFINITE_RECURSION = YES;
				CLANG_WARN_INT_CONVERSION = YES;
				CLANG_WARN_NON_LITERAL_NULL_CONVERSION = YES;
				CLANG_WARN_OBJC_IMPLICIT_RETAIN_SELF = YES;
				CLANG_WARN_OBJC_LITERAL_CONVERSION = YES;
				CLANG_WARN_OBJC_ROOT_CLASS = YES_ERROR;
				CLANG_WARN_QUOTED_INCLUDE_IN_FRAMEWORK_HEADER = YES;
				CLANG_WARN_RANGE_LOOP_ANALYSIS = YES;
				CLANG_WARN_STRICT_PROTOTYPES = YES;
				CLANG_WARN_SUSPICIOUS_MOVE = YES;
				CLANG_WARN_UNGUARDED_AVAILABILITY = YES_AGGRESSIVE;
				CLANG_WARN_UNREACHABLE_CODE = YES;
				CLANG_WARN__DUPLICATE_METHOD_MATCH = YES;
				COPY_PHASE_STRIP = NO;
				DEBUG_INFORMATION_FORMAT = "dwarf-with-dsym";
				ENABLE_NS_ASSERTIONS = NO;
				ENABLE_STRICT_OBJC_MSGSEND = YES;
				ENABLE_USER_SCRIPT_SANDBOXING = NO;
				GCC_C_LANGUAGE_STANDARD = gnu17;
				GCC_NO_COMMON_BLOCKS = YES;
				GCC_WARN_64_TO_32_BIT_CONVERSION = YES;
				GCC_WARN_ABOUT_RETURN_TYPE = YES_ERROR;
				GCC_WARN_UNDECLARED_SELECTOR = YES;
				GCC_WARN_UNINITIALIZED_AUTOS = YES_AGGRESSIVE;
				GCC_WARN_UNUSED_FUNCTION = YES;
				GCC_WARN_UNUSED_VARIABLE = YES;
				IPHONEOS_DEPLOYMENT_TARGET = 17.5;
				LOCALIZATION_PREFERS_STRING_CATALOGS = YES;
				MTL_ENABLE_DEBUG_INFO = NO;
				MTL_FAST_MATH = YES;
				SDKROOT = iphoneos;
				SWIFT_COMPILATION_MODE = wholemodule;
				VALIDATE_PRODUCT = YES;
			};
			name = Release;
		};
		9795B8AD2C7D6696005447E2 /* Debug */ = {
			isa = XCBuildConfiguration;
			baseConfigurationReference = 4C1EF28E8457184FEC61BA21 /* Pods-ApiApp.debug.xcconfig */;
			buildSettings = {
				ASSETCATALOG_COMPILER_APPICON_NAME = AppIcon;
				ASSETCATALOG_COMPILER_GLOBAL_ACCENT_COLOR_NAME = AccentColor;
				CODE_SIGN_STYLE = Automatic;
				CURRENT_PROJECT_VERSION = 1;
				GENERATE_INFOPLIST_FILE = YES;
				INFOPLIST_FILE = ApiApp/Info.plist;
				INFOPLIST_KEY_UIApplicationSupportsIndirectInputEvents = YES;
				INFOPLIST_KEY_UILaunchStoryboardName = LaunchScreen;
				INFOPLIST_KEY_UIMainStoryboardFile = Main;
				INFOPLIST_KEY_UISupportedInterfaceOrientations = UIInterfaceOrientationPortrait;
				INFOPLIST_KEY_UISupportedInterfaceOrientations_iPad = "UIInterfaceOrientationLandscapeLeft UIInterfaceOrientationLandscapeRight UIInterfaceOrientationPortrait UIInterfaceOrientationPortraitUpsideDown";
				IPHONEOS_DEPLOYMENT_TARGET = 17.2;
				LD_RUNPATH_SEARCH_PATHS = (
					"$(inherited)",
					"@executable_path/Frameworks",
				);
				MARKETING_VERSION = 1.0;
				PRODUCT_BUNDLE_IDENTIFIER = jp.techachademy.sota.kobuki.ApiApp;
				PRODUCT_NAME = "$(TARGET_NAME)";
				SUPPORTED_PLATFORMS = "iphoneos iphonesimulator";
				SUPPORTS_MACCATALYST = NO;
				SUPPORTS_MAC_DESIGNED_FOR_IPHONE_IPAD = NO;
				SUPPORTS_XR_DESIGNED_FOR_IPHONE_IPAD = NO;
				SWIFT_EMIT_LOC_STRINGS = YES;
				SWIFT_VERSION = 5.0;
				TARGETED_DEVICE_FAMILY = 1;
			};
			name = Debug;
		};
		9795B8AE2C7D6696005447E2 /* Release */ = {
			isa = XCBuildConfiguration;
			baseConfigurationReference = D6650CFF79D9979441C766FB /* Pods-ApiApp.release.xcconfig */;
			buildSettings = {
				ASSETCATALOG_COMPILER_APPICON_NAME = AppIcon;
				ASSETCATALOG_COMPILER_GLOBAL_ACCENT_COLOR_NAME = AccentColor;
				CODE_SIGN_STYLE = Automatic;
				CURRENT_PROJECT_VERSION = 1;
				GENERATE_INFOPLIST_FILE = YES;
				INFOPLIST_FILE = ApiApp/Info.plist;
				INFOPLIST_KEY_UIApplicationSupportsIndirectInputEvents = YES;
				INFOPLIST_KEY_UILaunchStoryboardName = LaunchScreen;
				INFOPLIST_KEY_UIMainStoryboardFile = Main;
				INFOPLIST_KEY_UISupportedInterfaceOrientations = UIInterfaceOrientationPortrait;
				INFOPLIST_KEY_UISupportedInterfaceOrientations_iPad = "UIInterfaceOrientationLandscapeLeft UIInterfaceOrientationLandscapeRight UIInterfaceOrientationPortrait UIInterfaceOrientationPortraitUpsideDown";
				IPHONEOS_DEPLOYMENT_TARGET = 17.2;
				LD_RUNPATH_SEARCH_PATHS = (
					"$(inherited)",
					"@executable_path/Frameworks",
				);
				MARKETING_VERSION = 1.0;
				PRODUCT_BUNDLE_IDENTIFIER = jp.techachademy.sota.kobuki.ApiApp;
				PRODUCT_NAME = "$(TARGET_NAME)";
				SUPPORTED_PLATFORMS = "iphoneos iphonesimulator";
				SUPPORTS_MACCATALYST = NO;
				SUPPORTS_MAC_DESIGNED_FOR_IPHONE_IPAD = NO;
				SUPPORTS_XR_DESIGNED_FOR_IPHONE_IPAD = NO;
				SWIFT_EMIT_LOC_STRINGS = YES;
				SWIFT_VERSION = 5.0;
				TARGETED_DEVICE_FAMILY = 1;
			};
			name = Release;
		};
/* End XCBuildConfiguration section */

/* Begin XCConfigurationList section */
		9795B8932C7D6692005447E2 /* Build configuration list for PBXProject "ApiApp" */ = {
			isa = XCConfigurationList;
			buildConfigurations = (
				9795B8AA2C7D6696005447E2 /* Debug */,
				9795B8AB2C7D6696005447E2 /* Release */,
			);
			defaultConfigurationIsVisible = 0;
			defaultConfigurationName = Release;
		};
		9795B8AC2C7D6696005447E2 /* Build configuration list for PBXNativeTarget "ApiApp" */ = {
			isa = XCConfigurationList;
			buildConfigurations = (
				9795B8AD2C7D6696005447E2 /* Debug */,
				9795B8AE2C7D6696005447E2 /* Release */,
			);
			defaultConfigurationIsVisible = 0;
			defaultConfigurationName = Release;
		};
/* End XCConfigurationList section */
	};
	rootObject = 9795B8902C7D6692005447E2 /* Project object */;
}
